
Microsoft Visual Studio Solution File, Format Version 12.00
# Visual Studio Version 16
VisualStudioVersion = 16.0.30621.155
MinimumVisualStudioVersion = 10.0.40219.1
Project("{8BC9CEB8-8B4A-11D0-8D11-00A0C91BC942}") = "dom2_prk", "dom2_prk\dom2_prk.vcxproj", "{B257B6A8-7CF3-4238-8C15-F38537907C17}"
EndProject
Global
	GlobalSection(SolutionConfigurationPlatforms) = preSolution
		Debug|x64 = Debug|x64
		Debug|x86 = Debug|x86
		Release|x64 = Release|x64
		Release|x86 = Release|x86
	EndGlobalSection
	GlobalSection(ProjectConfigurationPlatforms) = postSolution
		{B257B6A8-7CF3-4238-8C15-F38537907C17}.Debug|x64.ActiveCfg = Debug|x64
		{B257B6A8-7CF3-4238-8C15-F38537907C17}.Debug|x64.Build.0 = Debug|x64
		{B257B6A8-7CF3-4238-8C15-F38537907C17}.Debug|x86.ActiveCfg = Debug|Win32
		{B257B6A8-7CF3-4238-8C15-F38537907C17}.Debug|x86.Build.0 = Debug|Win32
		{B257B6A8-7CF3-4238-8C15-F38537907C17}.Release|x64.ActiveCfg = Release|x64
		{B257B6A8-7CF3-4238-8C15-F38537907C17}.Release|x64.Build.0 = Release|x64
		{B257B6A8-7CF3-4238-8C15-F38537907C17}.Release|x86.ActiveCfg = Release|Win32
		{B257B6A8-7CF3-4238-8C15-F38537907C17}.Release|x86.Build.0 = Release|Win32
	EndGlobalSection
	GlobalSection(SolutionProperties) = preSolution
		HideSolutionNode = FALSE
	EndGlobalSection
	GlobalSection(ExtensibilityGlobals) = postSolution
		SolutionGuid = {6D6E01EB-49B1-4252-A4B2-D35BDB0DBB51}
	EndGlobalSection
EndGlobal
