
Microsoft Visual Studio Solution File, Format Version 12.00
# Visual Studio Version 16
VisualStudioVersion = 16.0.30621.155
MinimumVisualStudioVersion = 10.0.40219.1
Project("{8BC9CEB8-8B4A-11D0-8D11-00A0C91BC942}") = "Kontrolno1", "Kontrolno1\Kontrolno1.vcxproj", "{3727221F-F8E8-46FE-B326-24848A3377AF}"
EndProject
Global
	GlobalSection(SolutionConfigurationPlatforms) = preSolution
		Debug|x64 = Debug|x64
		Debug|x86 = Debug|x86
		Release|x64 = Release|x64
		Release|x86 = Release|x86
	EndGlobalSection
	GlobalSection(ProjectConfigurationPlatforms) = postSolution
		{3727221F-F8E8-46FE-B326-24848A3377AF}.Debug|x64.ActiveCfg = Debug|x64
		{3727221F-F8E8-46FE-B326-24848A3377AF}.Debug|x64.Build.0 = Debug|x64
		{3727221F-F8E8-46FE-B326-24848A3377AF}.Debug|x86.ActiveCfg = Debug|Win32
		{3727221F-F8E8-46FE-B326-24848A3377AF}.Debug|x86.Build.0 = Debug|Win32
		{3727221F-F8E8-46FE-B326-24848A3377AF}.Release|x64.ActiveCfg = Release|x64
		{3727221F-F8E8-46FE-B326-24848A3377AF}.Release|x64.Build.0 = Release|x64
		{3727221F-F8E8-46FE-B326-24848A3377AF}.Release|x86.ActiveCfg = Release|Win32
		{3727221F-F8E8-46FE-B326-24848A3377AF}.Release|x86.Build.0 = Release|Win32
	EndGlobalSection
	GlobalSection(SolutionProperties) = preSolution
		HideSolutionNode = FALSE
	EndGlobalSection
	GlobalSection(ExtensibilityGlobals) = postSolution
		SolutionGuid = {71F07A23-270B-47AD-9232-343E07B6E779}
	EndGlobalSection
EndGlobal
